
Microsoft Visual Studio Solution File, Format Version 12.00
# Visual Studio 15
VisualStudioVersion = 15.0.27703.2042
MinimumVisualStudioVersion = 10.0.40219.1
Project("{FAE04EC0-301F-11D3-BF4B-00C04F79EFBC}") = "ExamWpf", "ExamWpf\ExamWpf.csproj", "{AFC47A9D-7361-4C8F-AC80-B9F9E09BC88D}"
EndProject
Project("{FAE04EC0-301F-11D3-BF4B-00C04F79EFBC}") = "ExamWpf.Models", "ExamWpf.Models\ExamWpf.Models.csproj", "{6A1EF231-C675-4068-9CA2-DF78CDAB5083}"
EndProject
Global
	GlobalSection(SolutionConfigurationPlatforms) = preSolution
		Debug|Any CPU = Debug|Any CPU
		Release|Any CPU = Release|Any CPU
	EndGlobalSection
	GlobalSection(ProjectConfigurationPlatforms) = postSolution
		{AFC47A9D-7361-4C8F-AC80-B9F9E09BC88D}.Debug|Any CPU.ActiveCfg = Debug|Any CPU
		{AFC47A9D-7361-4C8F-AC80-B9F9E09BC88D}.Debug|Any CPU.Build.0 = Debug|Any CPU
		{AFC47A9D-7361-4C8F-AC80-B9F9E09BC88D}.Release|Any CPU.ActiveCfg = Release|Any CPU
		{AFC47A9D-7361-4C8F-AC80-B9F9E09BC88D}.Release|Any CPU.Build.0 = Release|Any CPU
		{6A1EF231-C675-4068-9CA2-DF78CDAB5083}.Debug|Any CPU.ActiveCfg = Debug|Any CPU
		{6A1EF231-C675-4068-9CA2-DF78CDAB5083}.Debug|Any CPU.Build.0 = Debug|Any CPU
		{6A1EF231-C675-4068-9CA2-DF78CDAB5083}.Release|Any CPU.ActiveCfg = Release|Any CPU
		{6A1EF231-C675-4068-9CA2-DF78CDAB5083}.Release|Any CPU.Build.0 = Release|Any CPU
	EndGlobalSection
	GlobalSection(SolutionProperties) = preSolution
		HideSolutionNode = FALSE
	EndGlobalSection
	GlobalSection(ExtensibilityGlobals) = postSolution
		SolutionGuid = {6EA0BF2D-1597-4E43-AA37-29069C4FE204}
	EndGlobalSection
EndGlobal
